
Microsoft Visual Studio Solution File, Format Version 12.00
# Visual Studio Version 17
VisualStudioVersion = 17.13.35828.75
MinimumVisualStudioVersion = 10.0.40219.1
Project("{FAE04EC0-301F-11D3-BF4B-00C04F79EFBC}") = "SANSylabusApi", "SANSylabusApi\SANSylabusApi.csproj", "{C441A8C6-F2BF-4F86-A996-618A7D885813}"
EndProject
Project("{FAE04EC0-301F-11D3-BF4B-00C04F79EFBC}") = "Frontend", "Frontend\Frontend.csproj", "{9F478AE0-4F75-4A4F-8AB9-346C1DAD6A3B}"
EndProject
Global
	GlobalSection(SolutionConfigurationPlatforms) = preSolution
		Debug|Any CPU = Debug|Any CPU
		Release|Any CPU = Release|Any CPU
	EndGlobalSection
	GlobalSection(ProjectConfigurationPlatforms) = postSolution
		{C441A8C6-F2BF-4F86-A996-618A7D885813}.Debug|Any CPU.ActiveCfg = Debug|Any CPU
		{C441A8C6-F2BF-4F86-A996-618A7D885813}.Debug|Any CPU.Build.0 = Debug|Any CPU
		{C441A8C6-F2BF-4F86-A996-618A7D885813}.Release|Any CPU.ActiveCfg = Release|Any CPU
		{C441A8C6-F2BF-4F86-A996-618A7D885813}.Release|Any CPU.Build.0 = Release|Any CPU
		{9F478AE0-4F75-4A4F-8AB9-346C1DAD6A3B}.Debug|Any CPU.ActiveCfg = Debug|Any CPU
		{9F478AE0-4F75-4A4F-8AB9-346C1DAD6A3B}.Debug|Any CPU.Build.0 = Debug|Any CPU
		{9F478AE0-4F75-4A4F-8AB9-346C1DAD6A3B}.Release|Any CPU.ActiveCfg = Release|Any CPU
		{9F478AE0-4F75-4A4F-8AB9-346C1DAD6A3B}.Release|Any CPU.Build.0 = Release|Any CPU
	EndGlobalSection
	GlobalSection(SolutionProperties) = preSolution
		HideSolutionNode = FALSE
	EndGlobalSection
	GlobalSection(ExtensibilityGlobals) = postSolution
		SolutionGuid = {7B242205-D02A-44BA-AC0A-87788F7CF891}
	EndGlobalSection
EndGlobal
